// !$*UTF8*$!
{
	archiveVersion = 1;
	classes = {
	};
	objectVersion = 44;
	objects = {

/* Begin PBXBuildFile section */
		4FA4864F0ECDB37A00DB9A71 /* FNApplicationGlue.m in Sources */ = {isa = PBXBuildFile; fileRef = 4FA486450ECDB37A00DB9A71 /* FNApplicationGlue.m */; };
		4FA486500ECDB37A00DB9A71 /* FNCommandGlue.m in Sources */ = {isa = PBXBuildFile; fileRef = 4FA486470ECDB37A00DB9A71 /* FNCommandGlue.m */; };
		4FA486510ECDB37A00DB9A71 /* FNConstantGlue.m in Sources */ = {isa = PBXBuildFile; fileRef = 4FA486490ECDB37A00DB9A71 /* FNConstantGlue.m */; };
		4FA486520ECDB37A00DB9A71 /* FNReferenceGlue.m in Sources */ = {isa = PBXBuildFile; fileRef = 4FA4864C0ECDB37A00DB9A71 /* FNReferenceGlue.m */; };
		4FA486530ECDB37A00DB9A71 /* FNReferenceRendererGlue.m in Sources */ = {isa = PBXBuildFile; fileRef = 4FA4864E0ECDB37A00DB9A71 /* FNReferenceRendererGlue.m */; };
		4FE364150E64776700050094 /* Appscript.framework in Frameworks */ = {isa = PBXBuildFile; fileRef = 4FE364140E64776700050094 /* Appscript.framework */; };
		8DD76F9A0486AA7600D96B5E /* OpenInfoWindow.m in Sources */ = {isa = PBXBuildFile; fileRef = 08FB7796FE84155DC02AAC07 /* OpenInfoWindow.m */; settings = {ATTRIBUTES = (); }; };
		8DD76F9C0486AA7600D96B5E /* Foundation.framework in Frameworks */ = {isa = PBXBuildFile; fileRef = 08FB779EFE84155DC02AAC07 /* Foundation.framework */; };
		8DD76F9F0486AA7600D96B5E /* OpenInfoWindow.1 in CopyFiles */ = {isa = PBXBuildFile; fileRef = C6859EA3029092ED04C91782 /* OpenInfoWindow.1 */; };
/* End PBXBuildFile section */

/* Begin PBXCopyFilesBuildPhase section */
		8DD76F9E0486AA7600D96B5E /* CopyFiles */ = {
			isa = PBXCopyFilesBuildPhase;
			buildActionMask = 8;
			dstPath = /usr/share/man/man1/;
			dstSubfolderSpec = 0;
			files = (
				8DD76F9F0486AA7600D96B5E /* OpenInfoWindow.1 in CopyFiles */,
			);
			runOnlyForDeploymentPostprocessing = 1;
		};
/* End PBXCopyFilesBuildPhase section */

/* Begin PBXFileReference section */
		08FB7796FE84155DC02AAC07 /* OpenInfoWindow.m */ = {isa = PBXFileReference; fileEncoding = 4; lastKnownFileType = sourcecode.c.objc; path = OpenInfoWindow.m; sourceTree = "<group>"; };
		08FB779EFE84155DC02AAC07 /* Foundation.framework */ = {isa = PBXFileReference; lastKnownFileType = wrapper.framework; name = Foundation.framework; path = /System/Library/Frameworks/Foundation.framework; sourceTree = "<absolute>"; };
		32A70AAB03705E1F00C91783 /* OpenInfoWindow_Prefix.pch */ = {isa = PBXFileReference; fileEncoding = 4; lastKnownFileType = sourcecode.c.h; path = OpenInfoWindow_Prefix.pch; sourceTree = "<group>"; };
		4FA486430ECDB37A00DB9A71 /* FNAEMConstants.h */ = {isa = PBXFileReference; fileEncoding = 4; lastKnownFileType = sourcecode.c.h; path = FNAEMConstants.h; sourceTree = "<group>"; };
		4FA486440ECDB37A00DB9A71 /* FNApplicationGlue.h */ = {isa = PBXFileReference; fileEncoding = 4; lastKnownFileType = sourcecode.c.h; path = FNApplicationGlue.h; sourceTree = "<group>"; };
		4FA486450ECDB37A00DB9A71 /* FNApplicationGlue.m */ = {isa = PBXFileReference; fileEncoding = 4; lastKnownFileType = sourcecode.c.objc; path = FNApplicationGlue.m; sourceTree = "<group>"; };
		4FA486460ECDB37A00DB9A71 /* FNCommandGlue.h */ = {isa = PBXFileReference; fileEncoding = 4; lastKnownFileType = sourcecode.c.h; path = FNCommandGlue.h; sourceTree = "<group>"; };
		4FA486470ECDB37A00DB9A71 /* FNCommandGlue.m */ = {isa = PBXFileReference; fileEncoding = 4; lastKnownFileType = sourcecode.c.objc; path = FNCommandGlue.m; sourceTree = "<group>"; };
		4FA486480ECDB37A00DB9A71 /* FNConstantGlue.h */ = {isa = PBXFileReference; fileEncoding = 4; lastKnownFileType = sourcecode.c.h; path = FNConstantGlue.h; sourceTree = "<group>"; };
		4FA486490ECDB37A00DB9A71 /* FNConstantGlue.m */ = {isa = PBXFileReference; fileEncoding = 4; lastKnownFileType = sourcecode.c.objc; path = FNConstantGlue.m; sourceTree = "<group>"; };
		4FA4864A0ECDB37A00DB9A71 /* FNGlue.h */ = {isa = PBXFileReference; fileEncoding = 4; lastKnownFileType = sourcecode.c.h; path = FNGlue.h; sourceTree = "<group>"; };
		4FA4864B0ECDB37A00DB9A71 /* FNReferenceGlue.h */ = {isa = PBXFileReference; fileEncoding = 4; lastKnownFileType = sourcecode.c.h; path = FNReferenceGlue.h; sourceTree = "<group>"; };
		4FA4864C0ECDB37A00DB9A71 /* FNReferenceGlue.m */ = {isa = PBXFileReference; fileEncoding = 4; lastKnownFileType = sourcecode.c.objc; path = FNReferenceGlue.m; sourceTree = "<group>"; };
		4FA4864D0ECDB37A00DB9A71 /* FNReferenceRendererGlue.h */ = {isa = PBXFileReference; fileEncoding = 4; lastKnownFileType = sourcecode.c.h; path = FNReferenceRendererGlue.h; sourceTree = "<group>"; };
		4FA4864E0ECDB37A00DB9A71 /* FNReferenceRendererGlue.m */ = {isa = PBXFileReference; fileEncoding = 4; lastKnownFileType = sourcecode.c.objc; path = FNReferenceRendererGlue.m; sourceTree = "<group>"; };
		4FE364140E64776700050094 /* Appscript.framework */ = {isa = PBXFileReference; lastKnownFileType = wrapper.framework; name = Appscript.framework; path = ../Library/Frameworks/Appscript.framework; sourceTree = SOURCE_ROOT; };
		8DD76FA10486AA7600D96B5E /* OpenInfoWindow */ = {isa = PBXFileReference; explicitFileType = "compiled.mach-o.executable"; includeInIndex = 0; path = OpenInfoWindow; sourceTree = BUILT_PRODUCTS_DIR; };
		C6859EA3029092ED04C91782 /* OpenInfoWindow.1 */ = {isa = PBXFileReference; lastKnownFileType = text.man; path = OpenInfoWindow.1; sourceTree = "<group>"; };
/* End PBXFileReference section */

/* Begin PBXFrameworksBuildPhase section */
		8DD76F9B0486AA7600D96B5E /* Frameworks */ = {
			isa = PBXFrameworksBuildPhase;
			buildActionMask = 2147483647;
			files = (
				8DD76F9C0486AA7600D96B5E /* Foundation.framework in Frameworks */,
				4FE364150E64776700050094 /* Appscript.framework in Frameworks */,
			);
			runOnlyForDeploymentPostprocessing = 0;
		};
/* End PBXFrameworksBuildPhase section */

/* Begin PBXGroup section */
		08FB7794FE84155DC02AAC07 /* OpenInfoWindow */ = {
			isa = PBXGroup;
			children = (
				08FB7795FE84155DC02AAC07 /* Source */,
				C6859EA2029092E104C91782 /* Documentation */,
				08FB779DFE84155DC02AAC07 /* External Frameworks and Libraries */,
				1AB674ADFE9D54B511CA2CBB /* Products */,
			);
			name = OpenInfoWindow;
			sourceTree = "<group>";
		};
		08FB7795FE84155DC02AAC07 /* Source */ = {
			isa = PBXGroup;
			children = (
				4FA486420ECDB37A00DB9A71 /* FNGlue */,
				32A70AAB03705E1F00C91783 /* OpenInfoWindow_Prefix.pch */,
				08FB7796FE84155DC02AAC07 /* OpenInfoWindow.m */,
			);
			name = Source;
			sourceTree = "<group>";
		};
		08FB779DFE84155DC02AAC07 /* External Frameworks and Libraries */ = {
			isa = PBXGroup;
			children = (
				4FE364140E64776700050094 /* Appscript.framework */,
				08FB779EFE84155DC02AAC07 /* Foundation.framework */,
			);
			name = "External Frameworks and Libraries";
			sourceTree = "<group>";
		};
		1AB674ADFE9D54B511CA2CBB /* Products */ = {
			isa = PBXGroup;
			children = (
				8DD76FA10486AA7600D96B5E /* OpenInfoWindow */,
			);
			name = Products;
			sourceTree = "<group>";
		};
		4FA486420ECDB37A00DB9A71 /* FNGlue */ = {
			isa = PBXGroup;
			children = (
				4FA486430ECDB37A00DB9A71 /* FNAEMConstants.h */,
				4FA486440ECDB37A00DB9A71 /* FNApplicationGlue.h */,
				4FA486450ECDB37A00DB9A71 /* FNApplicationGlue.m */,
				4FA486460ECDB37A00DB9A71 /* FNCommandGlue.h */,
				4FA486470ECDB37A00DB9A71 /* FNCommandGlue.m */,
				4FA486480ECDB37A00DB9A71 /* FNConstantGlue.h */,
				4FA486490ECDB37A00DB9A71 /* FNConstantGlue.m */,
				4FA4864A0ECDB37A00DB9A71 /* FNGlue.h */,
				4FA4864B0ECDB37A00DB9A71 /* FNReferenceGlue.h */,
				4FA4864C0ECDB37A00DB9A71 /* FNReferenceGlue.m */,
				4FA4864D0ECDB37A00DB9A71 /* FNReferenceRendererGlue.h */,
				4FA4864E0ECDB37A00DB9A71 /* FNReferenceRendererGlue.m */,
			);
			path = FNGlue;
			sourceTree = "<group>";
		};
		C6859EA2029092E104C91782 /* Documentation */ = {
			isa = PBXGroup;
			children = (
				C6859EA3029092ED04C91782 /* OpenInfoWindow.1 */,
			);
			name = Documentation;
			sourceTree = "<group>";
		};
/* End PBXGroup section */

/* Begin PBXNativeTarget section */
		8DD76F960486AA7600D96B5E /* OpenInfoWindow */ = {
			isa = PBXNativeTarget;
			buildConfigurationList = 1DEB927408733DD40010E9CD /* Build configuration list for PBXNativeTarget "OpenInfoWindow" */;
			buildPhases = (
				8DD76F990486AA7600D96B5E /* Sources */,
				8DD76F9B0486AA7600D96B5E /* Frameworks */,
				8DD76F9E0486AA7600D96B5E /* CopyFiles */,
			);
			buildRules = (
			);
			dependencies = (
			);
			name = OpenInfoWindow;
			productInstallPath = "$(HOME)/bin";
			productName = OpenInfoWindow;
			productReference = 8DD76FA10486AA7600D96B5E /* OpenInfoWindow */;
			productType = "com.apple.product-type.tool";
		};
/* End PBXNativeTarget section */

/* Begin PBXProject section */
		08FB7793FE84155DC02AAC07 /* Project object */ = {
			isa = PBXProject;
			buildConfigurationList = 1DEB927808733DD40010E9CD /* Build configuration list for PBXProject "OpenInfoWindow" */;
			compatibilityVersion = "Xcode 3.0";
			hasScannedForEncodings = 1;
			mainGroup = 08FB7794FE84155DC02AAC07 /* OpenInfoWindow */;
			projectDirPath = "";
			projectRoot = "";
			targets = (
				8DD76F960486AA7600D96B5E /* OpenInfoWindow */,
			);
		};
/* End PBXProject section */

/* Begin PBXSourcesBuildPhase section */
		8DD76F990486AA7600D96B5E /* Sources */ = {
			isa = PBXSourcesBuildPhase;
			buildActionMask = 2147483647;
			files = (
				8DD76F9A0486AA7600D96B5E /* OpenInfoWindow.m in Sources */,
				4FA4864F0ECDB37A00DB9A71 /* FNApplicationGlue.m in Sources */,
				4FA486500ECDB37A00DB9A71 /* FNCommandGlue.m in Sources */,
				4FA486510ECDB37A00DB9A71 /* FNConstantGlue.m in Sources */,
				4FA486520ECDB37A00DB9A71 /* FNReferenceGlue.m in Sources */,
				4FA486530ECDB37A00DB9A71 /* FNReferenceRendererGlue.m in Sources */,
			);
			runOnlyForDeploymentPostprocessing = 0;
		};
/* End PBXSourcesBuildPhase section */

/* Begin XCBuildConfiguration section */
		1DEB927508733DD40010E9CD /* Debug */ = {
			isa = XCBuildConfiguration;
			buildSettings = {
				COPY_PHASE_STRIP = NO;
				FRAMEWORK_SEARCH_PATHS = (
					"$(inherited)",
					"\"$(SRCROOT)/../Library/Frameworks\"",
				);
				GCC_DYNAMIC_NO_PIC = NO;
				GCC_ENABLE_FIX_AND_CONTINUE = YES;
				GCC_MODEL_TUNING = G5;
				GCC_OPTIMIZATION_LEVEL = 0;
				GCC_PRECOMPILE_PREFIX_HEADER = YES;
				GCC_PREFIX_HEADER = OpenInfoWindow_Prefix.pch;
				INSTALL_PATH = /usr/local/bin;
				PRODUCT_NAME = infowin;
				ZERO_LINK = YES;
			};
			name = Debug;
		};
		1DEB927608733DD40010E9CD /* Release */ = {
			isa = XCBuildConfiguration;
			buildSettings = {
				DEBUG_INFORMATION_FORMAT = "dwarf-with-dsym";
				FRAMEWORK_SEARCH_PATHS = (
					"$(inherited)",
					"\"$(SRCROOT)/../Library/Frameworks\"",
				);
				GCC_MODEL_TUNING = G5;
				GCC_PRECOMPILE_PREFIX_HEADER = YES;
				GCC_PREFIX_HEADER = OpenInfoWindow_Prefix.pch;
				INSTALL_PATH = /usr/local/bin;
				PRODUCT_NAME = OpenInfoWindow;
			};
			name = Release;
		};
		1DEB927908733DD40010E9CD /* Debug */ = {
			isa = XCBuildConfiguration;
			buildSettings = {
				GCC_WARN_ABOUT_RETURN_TYPE = YES;
				GCC_WARN_UNUSED_VARIABLE = YES;
				PREBINDING = NO;
				SDKROOT = "$(DEVELOPER_SDK_DIR)/MacOSX10.5.sdk";
			};
			name = Debug;
		};
		1DEB927A08733DD40010E9CD /* Release */ = {
			isa = XCBuildConfiguration;
			buildSettings = {
				ARCHS = (
					ppc,
					i386,
				);
				GCC_WARN_ABOUT_RETURN_TYPE = YES;
				GCC_WARN_UNUSED_VARIABLE = YES;
				PREBINDING = NO;
				SDKROOT = "$(DEVELOPER_SDK_DIR)/MacOSX10.5.sdk";
			};
			name = Release;
		};
/* End XCBuildConfiguration section */

/* Begin XCConfigurationList section */
		1DEB927408733DD40010E9CD /* Build configuration list for PBXNativeTarget "OpenInfoWindow" */ = {
			isa = XCConfigurationList;
			buildConfigurations = (
				1DEB927508733DD40010E9CD /* Debug */,
				1DEB927608733DD40010E9CD /* Release */,
			);
			defaultConfigurationIsVisible = 0;
			defaultConfigurationName = Release;
		};
		1DEB927808733DD40010E9CD /* Build configuration list for PBXProject "OpenInfoWindow" */ = {
			isa = XCConfigurationList;
			buildConfigurations = (
				1DEB927908733DD40010E9CD /* Debug */,
				1DEB927A08733DD40010E9CD /* Release */,
			);
			defaultConfigurationIsVisible = 0;
			defaultConfigurationName = Release;
		};
/* End XCConfigurationList section */
	};
	rootObject = 08FB7793FE84155DC02AAC07 /* Project object */;
}
