// !$*UTF8*$!
{
	archiveVersion = 1;
	classes = {
	};
	objectVersion = 42;
	objects = {

/* Begin PBXBuildFile section */
		4F073C790A9C97A100782D5D /* mcpy_syspath.py in Resources */ = {isa = PBXBuildFile; fileRef = 4F04333507E6353000D5815B /* mcpy_syspath.py */; };
		4FFFE8370A99FD86004B6472 /* mcpy_controller.py in CopyFiles */ = {isa = PBXBuildFile; fileRef = 4F0433F707E6716600D5815B /* mcpy_controller.py */; };
		4FFFE8380A99FD86004B6472 /* mcpy_store.py in CopyFiles */ = {isa = PBXBuildFile; fileRef = 4F04340507E700BE00D5815B /* mcpy_store.py */; };
		4FFFE8390A99FD86004B6472 /* mcpy_ae.py in CopyFiles */ = {isa = PBXBuildFile; fileRef = 4F51D0F10804BB3B0022E223 /* mcpy_ae.py */; };
		4FFFE83A0A99FD86004B6472 /* mcpy_aemodule.py in CopyFiles */ = {isa = PBXBuildFile; fileRef = 4FD00C1D08081A580054F995 /* mcpy_aemodule.py */; };
		4FFFE83B0A99FD86004B6472 /* mcpy_pack.py in CopyFiles */ = {isa = PBXBuildFile; fileRef = 4FD00C1C08081A580054F995 /* mcpy_pack.py */; };
		4FFFE83C0A99FD86004B6472 /* mcpy_error.py in CopyFiles */ = {isa = PBXBuildFile; fileRef = 4F04340807E7081900D5815B /* mcpy_error.py */; };
		4FFFE83D0A99FD86004B6472 /* mcpy_constants.py in CopyFiles */ = {isa = PBXBuildFile; fileRef = 4F04340B07E718C300D5815B /* mcpy_constants.py */; };
		4FFFE8410A99FD86004B6472 /* PkgInfo in CopyFiles */ = {isa = PBXBuildFile; fileRef = 4F23A6A207DEFB1B0068B9FA /* PkgInfo */; };
		4FFFE8440A99FD86004B6472 /* InfoPlist.strings in Resources */ = {isa = PBXBuildFile; fileRef = 089C167DFE841241C02AAC07 /* InfoPlist.strings */; };
		4FFFE8460A99FD86004B6472 /* MacPythonOSA.c in Sources */ = {isa = PBXBuildFile; fileRef = 4F20F43907DBA0C400608D3D /* MacPythonOSA.c */; };
		4FFFE8480A99FD86004B6472 /* Python.framework in Frameworks */ = {isa = PBXBuildFile; fileRef = 4F20F43F07DBA1E500608D3D /* Python.framework */; };
		4FFFE8490A99FD86004B6472 /* Carbon.framework in Frameworks */ = {isa = PBXBuildFile; fileRef = 08EA7FFBFE8413EDC02AAC07 /* Carbon.framework */; };
		4FFFE84A0A99FD86004B6472 /* CoreFoundation.framework in Frameworks */ = {isa = PBXBuildFile; fileRef = 4F0433FC07E675F600D5815B /* CoreFoundation.framework */; };
		4FFFE84C0A99FD86004B6472 /* MacPythonOSA.r in Rez */ = {isa = PBXBuildFile; fileRef = 4F20F43C07DBA0DA00608D3D /* MacPythonOSA.r */; };
/* End PBXBuildFile section */

/* Begin PBXBuildStyle section */
		4F9091AC011F3BD104CA0E50 /* Development */ = {
			isa = PBXBuildStyle;
			buildSettings = {
				COPY_PHASE_STRIP = NO;
				GCC_DYNAMIC_NO_PIC = NO;
				GCC_ENABLE_FIX_AND_CONTINUE = YES;
				GCC_GENERATE_DEBUGGING_SYMBOLS = YES;
				GCC_OPTIMIZATION_LEVEL = 0;
				OPTIMIZATION_CFLAGS = "-O0";
				ZERO_LINK = YES;
			};
			name = Development;
		};
		4F9091AD011F3BD104CA0E50 /* Deployment */ = {
			isa = PBXBuildStyle;
			buildSettings = {
				COPY_PHASE_STRIP = YES;
				GCC_ENABLE_FIX_AND_CONTINUE = NO;
				ZERO_LINK = NO;
			};
			name = Deployment;
		};
/* End PBXBuildStyle section */

/* Begin PBXCopyFilesBuildPhase section */
		4FFFE8360A99FD86004B6472 /* CopyFiles */ = {
			isa = PBXCopyFilesBuildPhase;
			buildActionMask = 2147483647;
			dstPath = Modules;
			dstSubfolderSpec = 7;
			files = (
				4FFFE8370A99FD86004B6472 /* mcpy_controller.py in CopyFiles */,
				4FFFE8380A99FD86004B6472 /* mcpy_store.py in CopyFiles */,
				4FFFE8390A99FD86004B6472 /* mcpy_ae.py in CopyFiles */,
				4FFFE83A0A99FD86004B6472 /* mcpy_aemodule.py in CopyFiles */,
				4FFFE83B0A99FD86004B6472 /* mcpy_pack.py in CopyFiles */,
				4FFFE83C0A99FD86004B6472 /* mcpy_error.py in CopyFiles */,
				4FFFE83D0A99FD86004B6472 /* mcpy_constants.py in CopyFiles */,
			);
			runOnlyForDeploymentPostprocessing = 0;
		};
		4FFFE8400A99FD86004B6472 /* CopyFiles */ = {
			isa = PBXCopyFilesBuildPhase;
			buildActionMask = 2147483647;
			dstPath = Contents;
			dstSubfolderSpec = 1;
			files = (
				4FFFE8410A99FD86004B6472 /* PkgInfo in CopyFiles */,
			);
			runOnlyForDeploymentPostprocessing = 0;
		};
/* End PBXCopyFilesBuildPhase section */

/* Begin PBXFileReference section */
		089C167EFE841241C02AAC07 /* InfoPlist.strings */ = {isa = PBXFileReference; fileEncoding = 10; lastKnownFileType = text.plist.strings; name = InfoPlist.strings; path = Resources/English.lproj/InfoPlist.strings; sourceTree = "<group>"; };
		08EA7FFBFE8413EDC02AAC07 /* Carbon.framework */ = {isa = PBXFileReference; lastKnownFileType = wrapper.framework; name = Carbon.framework; path = /Developer/SDKs/MacOSX10.4u.sdk/System/Library/Frameworks/Carbon.framework; sourceTree = "<absolute>"; };
		4F04333507E6353000D5815B /* mcpy_syspath.py */ = {isa = PBXFileReference; fileEncoding = 30; lastKnownFileType = text.script.python; name = mcpy_syspath.py; path = Source/mcpy_syspath.py; sourceTree = "<group>"; };
		4F0433F707E6716600D5815B /* mcpy_controller.py */ = {isa = PBXFileReference; fileEncoding = 30; lastKnownFileType = text.script.python; name = mcpy_controller.py; path = Source/mcpy_controller.py; sourceTree = "<group>"; };
		4F0433FC07E675F600D5815B /* CoreFoundation.framework */ = {isa = PBXFileReference; lastKnownFileType = wrapper.framework; name = CoreFoundation.framework; path = /Developer/SDKs/MacOSX10.4u.sdk/System/Library/Frameworks/CoreFoundation.framework; sourceTree = "<absolute>"; };
		4F04340507E700BE00D5815B /* mcpy_store.py */ = {isa = PBXFileReference; fileEncoding = 30; lastKnownFileType = text.script.python; name = mcpy_store.py; path = Source/mcpy_store.py; sourceTree = "<group>"; };
		4F04340807E7081900D5815B /* mcpy_error.py */ = {isa = PBXFileReference; fileEncoding = 30; lastKnownFileType = text.script.python; name = mcpy_error.py; path = Source/mcpy_error.py; sourceTree = "<group>"; };
		4F04340B07E718C300D5815B /* mcpy_constants.py */ = {isa = PBXFileReference; fileEncoding = 30; lastKnownFileType = text.script.python; name = mcpy_constants.py; path = Source/mcpy_constants.py; sourceTree = "<group>"; };
		4F072BA10A9C72B800782D5D /* Info.plist */ = {isa = PBXFileReference; fileEncoding = 30; lastKnownFileType = text.xml; path = Info.plist; sourceTree = "<group>"; };
		4F073C480A9C957800782D5D /* DevelopmentNotes.txt */ = {isa = PBXFileReference; fileEncoding = 30; lastKnownFileType = text; path = DevelopmentNotes.txt; sourceTree = "<group>"; };
		4F073C490A9C957800782D5D /* History.txt */ = {isa = PBXFileReference; fileEncoding = 30; lastKnownFileType = text; path = History.txt; sourceTree = "<group>"; };
		4F073C4A0A9C957800782D5D /* MacPythonOSA manual.txt */ = {isa = PBXFileReference; fileEncoding = 30; lastKnownFileType = text; path = "MacPythonOSA manual.txt"; sourceTree = "<group>"; };
		4F073C4B0A9C957800782D5D /* ReadMe.txt */ = {isa = PBXFileReference; fileEncoding = 30; lastKnownFileType = text; path = ReadMe.txt; sourceTree = "<group>"; };
		4F20F43907DBA0C400608D3D /* MacPythonOSA.c */ = {isa = PBXFileReference; fileEncoding = 30; indentWidth = 4; lastKnownFileType = sourcecode.c.c; name = MacPythonOSA.c; path = Source/MacPythonOSA.c; sourceTree = "<group>"; tabWidth = 4; usesTabs = 1; };
		4F20F43C07DBA0DA00608D3D /* MacPythonOSA.r */ = {isa = PBXFileReference; fileEncoding = 30; lastKnownFileType = sourcecode.rez; name = MacPythonOSA.r; path = Resources/MacPythonOSA.r; sourceTree = "<group>"; };
		4F20F43F07DBA1E500608D3D /* Python.framework */ = {isa = PBXFileReference; lastKnownFileType = wrapper.framework; name = Python.framework; path = /Developer/SDKs/MacOSX10.4u.sdk/System/Library/Frameworks/Python.framework; sourceTree = "<absolute>"; };
		4F23A6A207DEFB1B0068B9FA /* PkgInfo */ = {isa = PBXFileReference; fileEncoding = 30; lastKnownFileType = text; name = PkgInfo; path = Resources/PkgInfo; sourceTree = "<group>"; };
		4F51D0F10804BB3B0022E223 /* mcpy_ae.py */ = {isa = PBXFileReference; fileEncoding = 30; lastKnownFileType = text.script.python; name = mcpy_ae.py; path = Source/mcpy_ae.py; sourceTree = "<group>"; };
		4FD00C1C08081A580054F995 /* mcpy_pack.py */ = {isa = PBXFileReference; fileEncoding = 30; lastKnownFileType = text.script.python; name = mcpy_pack.py; path = Source/mcpy_pack.py; sourceTree = "<group>"; };
		4FD00C1D08081A580054F995 /* mcpy_aemodule.py */ = {isa = PBXFileReference; fileEncoding = 30; lastKnownFileType = text.script.python; name = mcpy_aemodule.py; path = Source/mcpy_aemodule.py; sourceTree = "<group>"; };
		4FFFE8520A99FD86004B6472 /* MacPythonOSA.component */ = {isa = PBXFileReference; explicitFileType = wrapper.cfbundle; includeInIndex = 0; path = MacPythonOSA.component; sourceTree = BUILT_PRODUCTS_DIR; };
/* End PBXFileReference section */

/* Begin PBXFrameworksBuildPhase section */
		4FFFE8470A99FD86004B6472 /* Frameworks */ = {
			isa = PBXFrameworksBuildPhase;
			buildActionMask = 2147483647;
			files = (
				4FFFE8480A99FD86004B6472 /* Python.framework in Frameworks */,
				4FFFE8490A99FD86004B6472 /* Carbon.framework in Frameworks */,
				4FFFE84A0A99FD86004B6472 /* CoreFoundation.framework in Frameworks */,
			);
			runOnlyForDeploymentPostprocessing = 0;
		};
/* End PBXFrameworksBuildPhase section */

/* Begin PBXGroup section */
		089C166AFE841209C02AAC07 /* MacPythonOSA */ = {
			isa = PBXGroup;
			children = (
				4F073C470A9C957800782D5D /* Documentation */,
				08FB77ADFE841716C02AAC07 /* Source */,
				089C167CFE841241C02AAC07 /* Resources */,
				089C1671FE841209C02AAC07 /* External Frameworks and Libraries */,
				19C28FB4FE9D528D11CA2CBB /* Products */,
			);
			name = MacPythonOSA;
			sourceTree = "<group>";
		};
		089C1671FE841209C02AAC07 /* External Frameworks and Libraries */ = {
			isa = PBXGroup;
			children = (
				08EA7FFBFE8413EDC02AAC07 /* Carbon.framework */,
				4F0433FC07E675F600D5815B /* CoreFoundation.framework */,
				4F20F43F07DBA1E500608D3D /* Python.framework */,
			);
			name = "External Frameworks and Libraries";
			sourceTree = "<group>";
		};
		089C167CFE841241C02AAC07 /* Resources */ = {
			isa = PBXGroup;
			children = (
				4F072BA10A9C72B800782D5D /* Info.plist */,
				4F23A6A207DEFB1B0068B9FA /* PkgInfo */,
				4F20F43C07DBA0DA00608D3D /* MacPythonOSA.r */,
				089C167DFE841241C02AAC07 /* InfoPlist.strings */,
			);
			name = Resources;
			sourceTree = "<group>";
		};
		08FB77ADFE841716C02AAC07 /* Source */ = {
			isa = PBXGroup;
			children = (
				4F20F43907DBA0C400608D3D /* MacPythonOSA.c */,
				4F0433F707E6716600D5815B /* mcpy_controller.py */,
				4F04340507E700BE00D5815B /* mcpy_store.py */,
				4F51D0F10804BB3B0022E223 /* mcpy_ae.py */,
				4FD00C1D08081A580054F995 /* mcpy_aemodule.py */,
				4FD00C1C08081A580054F995 /* mcpy_pack.py */,
				4F04340807E7081900D5815B /* mcpy_error.py */,
				4F04340B07E718C300D5815B /* mcpy_constants.py */,
				4F04333507E6353000D5815B /* mcpy_syspath.py */,
			);
			name = Source;
			sourceTree = "<group>";
		};
		19C28FB4FE9D528D11CA2CBB /* Products */ = {
			isa = PBXGroup;
			children = (
				4FFFE8520A99FD86004B6472 /* MacPythonOSA.component */,
			);
			name = Products;
			sourceTree = "<group>";
		};
		4F073C470A9C957800782D5D /* Documentation */ = {
			isa = PBXGroup;
			children = (
				4F073C480A9C957800782D5D /* DevelopmentNotes.txt */,
				4F073C490A9C957800782D5D /* History.txt */,
				4F073C4A0A9C957800782D5D /* MacPythonOSA manual.txt */,
				4F073C4B0A9C957800782D5D /* ReadMe.txt */,
			);
			path = Documentation;
			sourceTree = "<group>";
		};
/* End PBXGroup section */

/* Begin PBXHeadersBuildPhase section */
		4FFFE8420A99FD86004B6472 /* Headers */ = {
			isa = PBXHeadersBuildPhase;
			buildActionMask = 2147483647;
			files = (
			);
			runOnlyForDeploymentPostprocessing = 0;
		};
/* End PBXHeadersBuildPhase section */

/* Begin PBXNativeTarget section */
		4FFFE8350A99FD86004B6472 /* MacPythonOSA */ = {
			isa = PBXNativeTarget;
			buildConfigurationList = 4FFFE84D0A99FD86004B6472 /* Build configuration list for PBXNativeTarget "MacPythonOSA" */;
			buildPhases = (
				4FFFE8360A99FD86004B6472 /* CopyFiles */,
				4FFFE8400A99FD86004B6472 /* CopyFiles */,
				4FFFE8430A99FD86004B6472 /* Resources */,
				4FFFE8420A99FD86004B6472 /* Headers */,
				4FFFE8450A99FD86004B6472 /* Sources */,
				4FFFE8470A99FD86004B6472 /* Frameworks */,
				4FFFE84B0A99FD86004B6472 /* Rez */,
			);
			buildRules = (
			);
			buildSettings = {
				FRAMEWORK_SEARCH_PATHS = "";
				GCC_TREAT_WARNINGS_AS_ERRORS = YES;
				HEADER_SEARCH_PATHS = "";
				INSTALL_PATH = "";
				LIBRARY_SEARCH_PATHS = "";
				OTHER_CFLAGS = "-Wno-long-double";
				OTHER_LDFLAGS = "";
				OTHER_REZFLAGS = "";
				PRODUCT_NAME = MacPythonOSA;
				SECTORDER_FLAGS = "";
				WARNING_CFLAGS = (
					"-Wmost",
					"-Wno-four-char-constants",
					"-Wno-unknown-pragmas",
				);
				WRAPPER_EXTENSION = component;
			};
			dependencies = (
			);
			name = MacPythonOSA;
			productInstallPath = "";
			productName = MacPythonOSA;
			productReference = 4FFFE8520A99FD86004B6472 /* MacPythonOSA.component */;
			productType = "com.apple.product-type.bundle";
		};
/* End PBXNativeTarget section */

/* Begin PBXProject section */
		089C1669FE841209C02AAC07 /* Project object */ = {
			isa = PBXProject;
			buildConfigurationList = 4FA8256109E45F12008BB014 /* Build configuration list for PBXProject "MacPythonOSA" */;
			buildSettings = {
			};
			buildStyles = (
				4F9091AC011F3BD104CA0E50 /* Development */,
				4F9091AD011F3BD104CA0E50 /* Deployment */,
			);
			hasScannedForEncodings = 1;
			mainGroup = 089C166AFE841209C02AAC07 /* MacPythonOSA */;
			projectDirPath = "";
			targets = (
				4FFFE8350A99FD86004B6472 /* MacPythonOSA */,
			);
		};
/* End PBXProject section */

/* Begin PBXResourcesBuildPhase section */
		4FFFE8430A99FD86004B6472 /* Resources */ = {
			isa = PBXResourcesBuildPhase;
			buildActionMask = 2147483647;
			files = (
				4F073C790A9C97A100782D5D /* mcpy_syspath.py in Resources */,
				4FFFE8440A99FD86004B6472 /* InfoPlist.strings in Resources */,
			);
			runOnlyForDeploymentPostprocessing = 0;
		};
/* End PBXResourcesBuildPhase section */

/* Begin PBXRezBuildPhase section */
		4FFFE84B0A99FD86004B6472 /* Rez */ = {
			isa = PBXRezBuildPhase;
			buildActionMask = 2147483647;
			files = (
				4FFFE84C0A99FD86004B6472 /* MacPythonOSA.r in Rez */,
			);
			runOnlyForDeploymentPostprocessing = 0;
		};
/* End PBXRezBuildPhase section */

/* Begin PBXSourcesBuildPhase section */
		4FFFE8450A99FD86004B6472 /* Sources */ = {
			isa = PBXSourcesBuildPhase;
			buildActionMask = 2147483647;
			files = (
				4FFFE8460A99FD86004B6472 /* MacPythonOSA.c in Sources */,
			);
			runOnlyForDeploymentPostprocessing = 0;
		};
/* End PBXSourcesBuildPhase section */

/* Begin PBXVariantGroup section */
		089C167DFE841241C02AAC07 /* InfoPlist.strings */ = {
			isa = PBXVariantGroup;
			children = (
				089C167EFE841241C02AAC07 /* InfoPlist.strings */,
			);
			name = InfoPlist.strings;
			sourceTree = "<group>";
		};
/* End PBXVariantGroup section */

/* Begin XCBuildConfiguration section */
		4FA8256209E45F12008BB014 /* Development */ = {
			isa = XCBuildConfiguration;
			buildSettings = {
				ARCHS = (
					ppc,
					i386,
				);
				GCC_VERSION_i386 = 4.0;
				GCC_VERSION_ppc = 3.3;
				INFOPLIST_FILE = "";
				MACOSX_DEPLOYMENT_TARGET_i386 = 10.4;
				MACOSX_DEPLOYMENT_TARGET_ppc = 10.3;
				SDKROOT = /Developer/SDKs/MacOSX10.4u.sdk;
			};
			name = Development;
		};
		4FA8256309E45F12008BB014 /* Deployment */ = {
			isa = XCBuildConfiguration;
			buildSettings = {
				ARCHS = (
					ppc,
					i386,
				);
				GCC_VERSION_i386 = 4.0;
				GCC_VERSION_ppc = 3.3;
				INFOPLIST_FILE = "";
				MACOSX_DEPLOYMENT_TARGET_i386 = 10.4;
				MACOSX_DEPLOYMENT_TARGET_ppc = 10.3;
				SDKROOT = /Developer/SDKs/MacOSX10.4u.sdk;
			};
			name = Deployment;
		};
		4FA8256409E45F12008BB014 /* Default */ = {
			isa = XCBuildConfiguration;
			buildSettings = {
				ARCHS = (
					ppc,
					i386,
				);
				GCC_VERSION_i386 = 4.0;
				GCC_VERSION_ppc = 3.3;
				INFOPLIST_FILE = "";
				MACOSX_DEPLOYMENT_TARGET_i386 = 10.4;
				MACOSX_DEPLOYMENT_TARGET_ppc = 10.3;
				SDKROOT = /Developer/SDKs/MacOSX10.4u.sdk;
			};
			name = Default;
		};
		4FFFE84E0A99FD86004B6472 /* Development */ = {
			isa = XCBuildConfiguration;
			buildSettings = {
				ARCHS = (
					ppc,
					i386,
				);
				COPY_PHASE_STRIP = NO;
				DEPLOYMENT_LOCATION = NO;
				FRAMEWORK_SEARCH_PATHS = "";
				GCC_DYNAMIC_NO_PIC = NO;
				GCC_ENABLE_FIX_AND_CONTINUE = YES;
				GCC_GENERATE_DEBUGGING_SYMBOLS = YES;
				GCC_OPTIMIZATION_LEVEL = 0;
				HEADER_SEARCH_PATHS = "";
				INFOPLIST_FILE = Info.plist;
				INSTALL_PATH = "";
				LIBRARY_SEARCH_PATHS = "";
				OTHER_CFLAGS = "-Wno-long-double";
				OTHER_LDFLAGS = "";
				OTHER_REZFLAGS = "";
				PRODUCT_NAME = MacPythonOSA;
				SECTORDER_FLAGS = "";
				SKIP_INSTALL = YES;
				WARNING_CFLAGS = (
					"-Wmost",
					"-Wno-four-char-constants",
					"-Wno-unknown-pragmas",
				);
				WRAPPER_EXTENSION = component;
				ZERO_LINK = YES;
			};
			name = Development;
		};
		4FFFE84F0A99FD86004B6472 /* Deployment */ = {
			isa = XCBuildConfiguration;
			buildSettings = {
				ARCHS = (
					ppc,
					i386,
				);
				COPY_PHASE_STRIP = YES;
				DEPLOYMENT_LOCATION = NO;
				FRAMEWORK_SEARCH_PATHS = "";
				GCC_ENABLE_FIX_AND_CONTINUE = NO;
				GCC_TREAT_WARNINGS_AS_ERRORS = YES;
				HEADER_SEARCH_PATHS = "";
				INFOPLIST_FILE = Info.plist;
				INSTALL_PATH = "";
				LIBRARY_SEARCH_PATHS = "";
				OTHER_CFLAGS = "-Wno-long-double";
				OTHER_LDFLAGS = "";
				OTHER_REZFLAGS = "";
				PRODUCT_NAME = MacPythonOSA;
				SECTORDER_FLAGS = "";
				SKIP_INSTALL = YES;
				WARNING_CFLAGS = (
					"-Wmost",
					"-Wno-four-char-constants",
					"-Wno-unknown-pragmas",
				);
				WRAPPER_EXTENSION = component;
				ZERO_LINK = NO;
			};
			name = Deployment;
		};
		4FFFE8500A99FD86004B6472 /* Default */ = {
			isa = XCBuildConfiguration;
			buildSettings = {
				ARCHS = (
					ppc,
					i386,
				);
				DEPLOYMENT_LOCATION = NO;
				FRAMEWORK_SEARCH_PATHS = "";
				GCC_TREAT_WARNINGS_AS_ERRORS = YES;
				HEADER_SEARCH_PATHS = "";
				INFOPLIST_FILE = Info.plist;
				INSTALL_PATH = "";
				LIBRARY_SEARCH_PATHS = "";
				OTHER_CFLAGS = "-Wno-long-double";
				OTHER_LDFLAGS = "";
				OTHER_REZFLAGS = "";
				PRODUCT_NAME = MacPythonOSA;
				SECTORDER_FLAGS = "";
				SKIP_INSTALL = YES;
				WARNING_CFLAGS = (
					"-Wmost",
					"-Wno-four-char-constants",
					"-Wno-unknown-pragmas",
				);
				WRAPPER_EXTENSION = component;
			};
			name = Default;
		};
/* End XCBuildConfiguration section */

/* Begin XCConfigurationList section */
		4FA8256109E45F12008BB014 /* Build configuration list for PBXProject "MacPythonOSA" */ = {
			isa = XCConfigurationList;
			buildConfigurations = (
				4FA8256209E45F12008BB014 /* Development */,
				4FA8256309E45F12008BB014 /* Deployment */,
				4FA8256409E45F12008BB014 /* Default */,
			);
			defaultConfigurationIsVisible = 0;
			defaultConfigurationName = Default;
		};
		4FFFE84D0A99FD86004B6472 /* Build configuration list for PBXNativeTarget "MacPythonOSA" */ = {
			isa = XCConfigurationList;
			buildConfigurations = (
				4FFFE84E0A99FD86004B6472 /* Development */,
				4FFFE84F0A99FD86004B6472 /* Deployment */,
				4FFFE8500A99FD86004B6472 /* Default */,
			);
			defaultConfigurationIsVisible = 0;
			defaultConfigurationName = Default;
		};
/* End XCConfigurationList section */
	};
	rootObject = 089C1669FE841209C02AAC07 /* Project object */;
}
