// !$*UTF8*$!
{
	archiveVersion = 1;
	classes = {
	};
	objectVersion = 42;
	objects = {

/* Begin PBXBuildFile section */
		4F04DBA50B9447BB00689E6A /* pythonloader.c in Sources */ = {isa = PBXBuildFile; fileRef = 4F04DBA40B9447BB00689E6A /* pythonloader.c */; };
		4F0F00890B9A247C003FE278 /* pyosa_colorizesource.py in Resources */ = {isa = PBXBuildFile; fileRef = 4F0F00880B9A247C003FE278 /* pyosa_colorizesource.py */; };
		4F196DF60B7CD5B20095502E /* CoreFoundation.framework in Frameworks */ = {isa = PBXBuildFile; fileRef = 4F196DF50B7CD5B20095502E /* CoreFoundation.framework */; };
		4F1975780B7CEF8D0095502E /* hostcallbacks.c in Sources */ = {isa = PBXBuildFile; fileRef = 4F1975770B7CEF8D0095502E /* hostcallbacks.c */; };
		4F1975DE0B7D0AC80095502E /* osafunctions.c in Sources */ = {isa = PBXBuildFile; fileRef = 4F1975DD0B7D0AC80095502E /* osafunctions.c */; };
		4F25B6B90B87B66B000AD995 /* pythonerrors.c in Sources */ = {isa = PBXBuildFile; fileRef = 4F25B6B80B87B66B000AD995 /* pythonerrors.c */; };
		4F25B73D0B887053000AD995 /* carbonxtoolbox.c in Sources */ = {isa = PBXBuildFile; fileRef = 4F25B73B0B887053000AD995 /* carbonxtoolbox.c */; };
		4F25B8340B88D2DF000AD995 /* pyosa_scriptmanager.py in Resources */ = {isa = PBXBuildFile; fileRef = 4F25B8330B88D2DF000AD995 /* pyosa_scriptmanager.py */; };
		4F25B9160B89D040000AD995 /* pyosa_errors.py in Resources */ = {isa = PBXBuildFile; fileRef = 4F25B9150B89D040000AD995 /* pyosa_errors.py */; };
		4F25B9420B89D336000AD995 /* pyosa_scriptcontext.py in Resources */ = {isa = PBXBuildFile; fileRef = 4F25B9410B89D336000AD995 /* pyosa_scriptcontext.py */; };
		4F25B9690B8A4660000AD995 /* pyosa_serialization.py in Resources */ = {isa = PBXBuildFile; fileRef = 4F25B9680B8A4660000AD995 /* pyosa_serialization.py */; };
		4F49C8AE0B7F928B00DD1105 /* statemanager.c in Sources */ = {isa = PBXBuildFile; fileRef = 4F49C8AD0B7F928B00DD1105 /* statemanager.c */; };
		4F6F349C0B8B287F00D81F58 /* pyosa_setup.py in Resources */ = {isa = PBXBuildFile; fileRef = 4F6F349B0B8B287F00D81F58 /* pyosa_setup.py */; };
		4F6F34D70B8B2CD800D81F58 /* PyOSA.r in Rez */ = {isa = PBXBuildFile; fileRef = 4F19755E0B7CD5D00095502E /* PyOSA.r */; };
		4F6F35D50B8B3F5200D81F58 /* pyosa_appscript.py in Resources */ = {isa = PBXBuildFile; fileRef = 4F6F35D40B8B3F5200D81F58 /* pyosa_appscript.py */; };
		4F91AC4E0B91156200471CB7 /* pyosa_eventhandlerdefinitions.py in Resources */ = {isa = PBXBuildFile; fileRef = 4F91AC4D0B91156200471CB7 /* pyosa_eventhandlerdefinitions.py */; };
		8D01CCCC0486CAD60068D4B7 /* main.c in Sources */ = {isa = PBXBuildFile; fileRef = 08FB77B2FE8417CDC02AAC07 /* main.c */; settings = {ATTRIBUTES = (); }; };
		8D01CCCE0486CAD60068D4B7 /* Carbon.framework in Frameworks */ = {isa = PBXBuildFile; fileRef = 08EA7FFBFE8413EDC02AAC07 /* Carbon.framework */; };
/* End PBXBuildFile section */

/* Begin PBXFileReference section */
		08EA7FFBFE8413EDC02AAC07 /* Carbon.framework */ = {isa = PBXFileReference; lastKnownFileType = wrapper.framework; name = Carbon.framework; path = /System/Library/Frameworks/Carbon.framework; sourceTree = "<absolute>"; };
		08FB77B2FE8417CDC02AAC07 /* main.c */ = {isa = PBXFileReference; fileEncoding = 4; lastKnownFileType = sourcecode.c.c; path = main.c; sourceTree = "<group>"; };
		32BAE0B30371A71500C91783 /* PyOSA_Prefix.pch */ = {isa = PBXFileReference; fileEncoding = 4; lastKnownFileType = sourcecode.c.h; path = PyOSA_Prefix.pch; sourceTree = "<group>"; };
		4F04DBA40B9447BB00689E6A /* pythonloader.c */ = {isa = PBXFileReference; fileEncoding = 30; lastKnownFileType = sourcecode.c.c; path = pythonloader.c; sourceTree = "<group>"; };
		4F04DBA60B9447D500689E6A /* pythonloader.h */ = {isa = PBXFileReference; fileEncoding = 30; lastKnownFileType = sourcecode.c.h; path = pythonloader.h; sourceTree = "<group>"; };
		4F0F00880B9A247C003FE278 /* pyosa_colorizesource.py */ = {isa = PBXFileReference; fileEncoding = 30; lastKnownFileType = text.script.python; path = pyosa_colorizesource.py; sourceTree = "<group>"; };
		4F196DF50B7CD5B20095502E /* CoreFoundation.framework */ = {isa = PBXFileReference; lastKnownFileType = wrapper.framework; name = CoreFoundation.framework; path = /System/Library/Frameworks/CoreFoundation.framework; sourceTree = "<absolute>"; };
		4F19755E0B7CD5D00095502E /* PyOSA.r */ = {isa = PBXFileReference; fileEncoding = 30; lastKnownFileType = sourcecode.rez; path = PyOSA.r; sourceTree = "<group>"; };
		4F1975760B7CEF8D0095502E /* hostcallbacks.h */ = {isa = PBXFileReference; fileEncoding = 4; lastKnownFileType = sourcecode.c.h; path = hostcallbacks.h; sourceTree = "<group>"; };
		4F1975770B7CEF8D0095502E /* hostcallbacks.c */ = {isa = PBXFileReference; fileEncoding = 4; lastKnownFileType = sourcecode.c.c; path = hostcallbacks.c; sourceTree = "<group>"; };
		4F1975DC0B7D0AC80095502E /* osafunctions.h */ = {isa = PBXFileReference; fileEncoding = 4; lastKnownFileType = sourcecode.c.h; path = osafunctions.h; sourceTree = "<group>"; };
		4F1975DD0B7D0AC80095502E /* osafunctions.c */ = {isa = PBXFileReference; fileEncoding = 4; lastKnownFileType = sourcecode.c.c; path = osafunctions.c; sourceTree = "<group>"; };
		4F25B6B70B87B66B000AD995 /* pythonerrors.h */ = {isa = PBXFileReference; fileEncoding = 4; lastKnownFileType = sourcecode.c.h; path = pythonerrors.h; sourceTree = "<group>"; };
		4F25B6B80B87B66B000AD995 /* pythonerrors.c */ = {isa = PBXFileReference; fileEncoding = 4; lastKnownFileType = sourcecode.c.c; path = pythonerrors.c; sourceTree = "<group>"; };
		4F25B73B0B887053000AD995 /* carbonxtoolbox.c */ = {isa = PBXFileReference; fileEncoding = 30; lastKnownFileType = sourcecode.c.c; path = carbonxtoolbox.c; sourceTree = "<group>"; };
		4F25B73C0B887053000AD995 /* carbonxtoolbox.h */ = {isa = PBXFileReference; fileEncoding = 30; lastKnownFileType = sourcecode.c.h; path = carbonxtoolbox.h; sourceTree = "<group>"; };
		4F25B8330B88D2DF000AD995 /* pyosa_scriptmanager.py */ = {isa = PBXFileReference; fileEncoding = 4; lastKnownFileType = text.script.python; path = pyosa_scriptmanager.py; sourceTree = "<group>"; };
		4F25B9150B89D040000AD995 /* pyosa_errors.py */ = {isa = PBXFileReference; fileEncoding = 4; lastKnownFileType = text.script.python; path = pyosa_errors.py; sourceTree = "<group>"; };
		4F25B9410B89D336000AD995 /* pyosa_scriptcontext.py */ = {isa = PBXFileReference; fileEncoding = 4; lastKnownFileType = text.script.python; path = pyosa_scriptcontext.py; sourceTree = "<group>"; };
		4F25B9680B8A4660000AD995 /* pyosa_serialization.py */ = {isa = PBXFileReference; fileEncoding = 4; lastKnownFileType = text.script.python; path = pyosa_serialization.py; sourceTree = "<group>"; };
		4F49C8AC0B7F928B00DD1105 /* statemanager.h */ = {isa = PBXFileReference; fileEncoding = 4; lastKnownFileType = sourcecode.c.h; path = statemanager.h; sourceTree = "<group>"; };
		4F49C8AD0B7F928B00DD1105 /* statemanager.c */ = {isa = PBXFileReference; fileEncoding = 4; lastKnownFileType = sourcecode.c.c; path = statemanager.c; sourceTree = "<group>"; };
		4F6F349B0B8B287F00D81F58 /* pyosa_setup.py */ = {isa = PBXFileReference; fileEncoding = 30; lastKnownFileType = text.script.python; path = pyosa_setup.py; sourceTree = "<group>"; };
		4F6F35D40B8B3F5200D81F58 /* pyosa_appscript.py */ = {isa = PBXFileReference; fileEncoding = 4; lastKnownFileType = text.script.python; path = pyosa_appscript.py; sourceTree = "<group>"; };
		4F91AC4D0B91156200471CB7 /* pyosa_eventhandlerdefinitions.py */ = {isa = PBXFileReference; fileEncoding = 4; lastKnownFileType = text.script.python; path = pyosa_eventhandlerdefinitions.py; sourceTree = "<group>"; };
		8D01CCD10486CAD60068D4B7 /* Info.plist */ = {isa = PBXFileReference; fileEncoding = 4; lastKnownFileType = text.plist; path = Info.plist; sourceTree = "<group>"; };
		8D01CCD20486CAD60068D4B7 /* PyOSA.component */ = {isa = PBXFileReference; explicitFileType = wrapper.cfbundle; includeInIndex = 0; path = PyOSA.component; sourceTree = BUILT_PRODUCTS_DIR; };
/* End PBXFileReference section */

/* Begin PBXFrameworksBuildPhase section */
		8D01CCCD0486CAD60068D4B7 /* Frameworks */ = {
			isa = PBXFrameworksBuildPhase;
			buildActionMask = 2147483647;
			files = (
				8D01CCCE0486CAD60068D4B7 /* Carbon.framework in Frameworks */,
				4F196DF60B7CD5B20095502E /* CoreFoundation.framework in Frameworks */,
			);
			runOnlyForDeploymentPostprocessing = 0;
		};
/* End PBXFrameworksBuildPhase section */

/* Begin PBXGroup section */
		089C166AFE841209C02AAC07 /* PyOSA */ = {
			isa = PBXGroup;
			children = (
				08FB77ADFE841716C02AAC07 /* Source */,
				089C167CFE841241C02AAC07 /* Resources */,
				089C1671FE841209C02AAC07 /* External Frameworks and Libraries */,
				19C28FB4FE9D528D11CA2CBB /* Products */,
			);
			name = PyOSA;
			sourceTree = "<group>";
		};
		089C1671FE841209C02AAC07 /* External Frameworks and Libraries */ = {
			isa = PBXGroup;
			children = (
				08EA7FFBFE8413EDC02AAC07 /* Carbon.framework */,
				4F196DF50B7CD5B20095502E /* CoreFoundation.framework */,
			);
			name = "External Frameworks and Libraries";
			sourceTree = "<group>";
		};
		089C167CFE841241C02AAC07 /* Resources */ = {
			isa = PBXGroup;
			children = (
				8D01CCD10486CAD60068D4B7 /* Info.plist */,
				4F19755E0B7CD5D00095502E /* PyOSA.r */,
			);
			name = Resources;
			sourceTree = "<group>";
		};
		08FB77ADFE841716C02AAC07 /* Source */ = {
			isa = PBXGroup;
			children = (
				32BAE0B30371A71500C91783 /* PyOSA_Prefix.pch */,
				4F04DBA60B9447D500689E6A /* pythonloader.h */,
				4F25B73C0B887053000AD995 /* carbonxtoolbox.h */,
				4F1975760B7CEF8D0095502E /* hostcallbacks.h */,
				4F49C8AC0B7F928B00DD1105 /* statemanager.h */,
				4F25B6B70B87B66B000AD995 /* pythonerrors.h */,
				4F1975DC0B7D0AC80095502E /* osafunctions.h */,
				4F04DBA40B9447BB00689E6A /* pythonloader.c */,
				4F25B73B0B887053000AD995 /* carbonxtoolbox.c */,
				4F1975770B7CEF8D0095502E /* hostcallbacks.c */,
				4F49C8AD0B7F928B00DD1105 /* statemanager.c */,
				4F25B6B80B87B66B000AD995 /* pythonerrors.c */,
				4F1975DD0B7D0AC80095502E /* osafunctions.c */,
				08FB77B2FE8417CDC02AAC07 /* main.c */,
				4F6F349B0B8B287F00D81F58 /* pyosa_setup.py */,
				4F25B8330B88D2DF000AD995 /* pyosa_scriptmanager.py */,
				4F25B9410B89D336000AD995 /* pyosa_scriptcontext.py */,
				4F6F35D40B8B3F5200D81F58 /* pyosa_appscript.py */,
				4F25B9150B89D040000AD995 /* pyosa_errors.py */,
				4F91AC4D0B91156200471CB7 /* pyosa_eventhandlerdefinitions.py */,
				4F25B9680B8A4660000AD995 /* pyosa_serialization.py */,
				4F0F00880B9A247C003FE278 /* pyosa_colorizesource.py */,
			);
			name = Source;
			sourceTree = "<group>";
		};
		19C28FB4FE9D528D11CA2CBB /* Products */ = {
			isa = PBXGroup;
			children = (
				8D01CCD20486CAD60068D4B7 /* PyOSA.component */,
			);
			name = Products;
			sourceTree = "<group>";
		};
/* End PBXGroup section */

/* Begin PBXNativeTarget section */
		8D01CCC60486CAD60068D4B7 /* PyOSA */ = {
			isa = PBXNativeTarget;
			buildConfigurationList = 4FADC23308B4156C00ABE55E /* Build configuration list for PBXNativeTarget "PyOSA" */;
			buildPhases = (
				8D01CCC90486CAD60068D4B7 /* Resources */,
				8D01CCCB0486CAD60068D4B7 /* Sources */,
				8D01CCCD0486CAD60068D4B7 /* Frameworks */,
				4F6F34D50B8B2CC400D81F58 /* Rez */,
			);
			buildRules = (
			);
			dependencies = (
			);
			name = PyOSA;
			productInstallPath = "$(HOME)/Library/Bundles";
			productName = PyOSA;
			productReference = 8D01CCD20486CAD60068D4B7 /* PyOSA.component */;
			productType = "com.apple.product-type.bundle";
		};
/* End PBXNativeTarget section */

/* Begin PBXProject section */
		089C1669FE841209C02AAC07 /* Project object */ = {
			isa = PBXProject;
			buildConfigurationList = 4FADC23708B4156C00ABE55E /* Build configuration list for PBXProject "PyOSA" */;
			compatibilityVersion = "Xcode 2.4";
			hasScannedForEncodings = 1;
			mainGroup = 089C166AFE841209C02AAC07 /* PyOSA */;
			projectDirPath = "";
			projectRoot = "";
			targets = (
				8D01CCC60486CAD60068D4B7 /* PyOSA */,
			);
		};
/* End PBXProject section */

/* Begin PBXResourcesBuildPhase section */
		8D01CCC90486CAD60068D4B7 /* Resources */ = {
			isa = PBXResourcesBuildPhase;
			buildActionMask = 2147483647;
			files = (
				4F25B8340B88D2DF000AD995 /* pyosa_scriptmanager.py in Resources */,
				4F25B9160B89D040000AD995 /* pyosa_errors.py in Resources */,
				4F25B9420B89D336000AD995 /* pyosa_scriptcontext.py in Resources */,
				4F25B9690B8A4660000AD995 /* pyosa_serialization.py in Resources */,
				4F6F349C0B8B287F00D81F58 /* pyosa_setup.py in Resources */,
				4F6F35D50B8B3F5200D81F58 /* pyosa_appscript.py in Resources */,
				4F91AC4E0B91156200471CB7 /* pyosa_eventhandlerdefinitions.py in Resources */,
				4F0F00890B9A247C003FE278 /* pyosa_colorizesource.py in Resources */,
			);
			runOnlyForDeploymentPostprocessing = 0;
		};
/* End PBXResourcesBuildPhase section */

/* Begin PBXRezBuildPhase section */
		4F6F34D50B8B2CC400D81F58 /* Rez */ = {
			isa = PBXRezBuildPhase;
			buildActionMask = 2147483647;
			files = (
				4F6F34D70B8B2CD800D81F58 /* PyOSA.r in Rez */,
			);
			runOnlyForDeploymentPostprocessing = 0;
		};
/* End PBXRezBuildPhase section */

/* Begin PBXSourcesBuildPhase section */
		8D01CCCB0486CAD60068D4B7 /* Sources */ = {
			isa = PBXSourcesBuildPhase;
			buildActionMask = 2147483647;
			files = (
				8D01CCCC0486CAD60068D4B7 /* main.c in Sources */,
				4F1975780B7CEF8D0095502E /* hostcallbacks.c in Sources */,
				4F1975DE0B7D0AC80095502E /* osafunctions.c in Sources */,
				4F49C8AE0B7F928B00DD1105 /* statemanager.c in Sources */,
				4F25B6B90B87B66B000AD995 /* pythonerrors.c in Sources */,
				4F25B73D0B887053000AD995 /* carbonxtoolbox.c in Sources */,
				4F04DBA50B9447BB00689E6A /* pythonloader.c in Sources */,
			);
			runOnlyForDeploymentPostprocessing = 0;
		};
/* End PBXSourcesBuildPhase section */

/* Begin XCBuildConfiguration section */
		4FADC23408B4156C00ABE55E /* Debug */ = {
			isa = XCBuildConfiguration;
			buildSettings = {
				COPY_PHASE_STRIP = NO;
				GCC_DYNAMIC_NO_PIC = NO;
				GCC_ENABLE_FIX_AND_CONTINUE = YES;
				GCC_MODEL_TUNING = G5;
				GCC_OPTIMIZATION_LEVEL = 0;
				GCC_PRECOMPILE_PREFIX_HEADER = YES;
				GCC_PREFIX_HEADER = PyOSA_Prefix.pch;
				INFOPLIST_FILE = Info.plist;
				INSTALL_PATH = "$(HOME)/Library/Bundles";
				OTHER_REZFLAGS = "-d ppc_$(ppc) -d i386_$(i386)";
				PRODUCT_NAME = PyOSA;
				WRAPPER_EXTENSION = component;
				ZERO_LINK = YES;
			};
			name = Debug;
		};
		4FADC23508B4156C00ABE55E /* Release */ = {
			isa = XCBuildConfiguration;
			buildSettings = {
				ARCHS = (
					ppc,
					i386,
				);
				GCC_GENERATE_DEBUGGING_SYMBOLS = NO;
				GCC_MODEL_TUNING = G5;
				GCC_PRECOMPILE_PREFIX_HEADER = YES;
				GCC_PREFIX_HEADER = PyOSA_Prefix.pch;
				INFOPLIST_FILE = Info.plist;
				INSTALL_PATH = "$(HOME)/Library/Bundles";
				PRODUCT_NAME = PyOSA;
				WRAPPER_EXTENSION = component;
			};
			name = Release;
		};
		4FADC23808B4156C00ABE55E /* Debug */ = {
			isa = XCBuildConfiguration;
			buildSettings = {
				GCC_WARN_ABOUT_RETURN_TYPE = YES;
				GCC_WARN_UNUSED_VARIABLE = YES;
				PREBINDING = NO;
				SDKROOT = /Developer/SDKs/MacOSX10.4u.sdk;
			};
			name = Debug;
		};
		4FADC23908B4156C00ABE55E /* Release */ = {
			isa = XCBuildConfiguration;
			buildSettings = {
				ARCHS = (
					ppc,
					i386,
				);
				GCC_WARN_ABOUT_RETURN_TYPE = YES;
				GCC_WARN_UNUSED_VARIABLE = YES;
				PREBINDING = NO;
				SDKROOT = /Developer/SDKs/MacOSX10.4u.sdk;
			};
			name = Release;
		};
/* End XCBuildConfiguration section */

/* Begin XCConfigurationList section */
		4FADC23308B4156C00ABE55E /* Build configuration list for PBXNativeTarget "PyOSA" */ = {
			isa = XCConfigurationList;
			buildConfigurations = (
				4FADC23408B4156C00ABE55E /* Debug */,
				4FADC23508B4156C00ABE55E /* Release */,
			);
			defaultConfigurationIsVisible = 0;
			defaultConfigurationName = Release;
		};
		4FADC23708B4156C00ABE55E /* Build configuration list for PBXProject "PyOSA" */ = {
			isa = XCConfigurationList;
			buildConfigurations = (
				4FADC23808B4156C00ABE55E /* Debug */,
				4FADC23908B4156C00ABE55E /* Release */,
			);
			defaultConfigurationIsVisible = 0;
			defaultConfigurationName = Release;
		};
/* End XCConfigurationList section */
	};
	rootObject = 089C1669FE841209C02AAC07 /* Project object */;
}
